
Microsoft Visual Studio Solution File, Format Version 12.00
# Visual Studio Version 16
VisualStudioVersion = 16.0.29926.136
MinimumVisualStudioVersion = 10.0.40219.1
Project("{FAE04EC0-301F-11D3-BF4B-00C04F79EFBC}") = "BethanysPieShopStockApp.Android", "BethanysPieShopStockApp\BethanysPieShopStockApp.Android\BethanysPieShopStockApp.Android.csproj", "{732C5F0E-E47A-4805-87D3-99D322BDEE99}"
EndProject
Project("{FAE04EC0-301F-11D3-BF4B-00C04F79EFBC}") = "BethanysPieShopStockApp.iOS", "BethanysPieShopStockApp\BethanysPieShopStockApp.iOS\BethanysPieShopStockApp.iOS.csproj", "{1059413E-8ECC-4DAD-B377-10D168096E06}"
EndProject
Project("{FAE04EC0-301F-11D3-BF4B-00C04F79EFBC}") = "BethanysPieShopStockApp", "BethanysPieShopStockApp\BethanysPieShopStockApp\BethanysPieShopStockApp.csproj", "{6BAC0386-8BAC-42DE-9B74-F0D168B1BFD0}"
EndProject
Global
	GlobalSection(SolutionConfigurationPlatforms) = preSolution
		Debug|Any CPU = Debug|Any CPU
		Debug|iPhone = Debug|iPhone
		Debug|iPhoneSimulator = Debug|iPhoneSimulator
		Release|Any CPU = Release|Any CPU
		Release|iPhone = Release|iPhone
		Release|iPhoneSimulator = Release|iPhoneSimulator
	EndGlobalSection
	GlobalSection(ProjectConfigurationPlatforms) = postSolution
		{732C5F0E-E47A-4805-87D3-99D322BDEE99}.Debug|Any CPU.ActiveCfg = Debug|Any CPU
		{732C5F0E-E47A-4805-87D3-99D322BDEE99}.Debug|Any CPU.Build.0 = Debug|Any CPU
		{732C5F0E-E47A-4805-87D3-99D322BDEE99}.Debug|Any CPU.Deploy.0 = Debug|Any CPU
		{732C5F0E-E47A-4805-87D3-99D322BDEE99}.Debug|iPhone.ActiveCfg = Debug|Any CPU
		{732C5F0E-E47A-4805-87D3-99D322BDEE99}.Debug|iPhone.Build.0 = Debug|Any CPU
		{732C5F0E-E47A-4805-87D3-99D322BDEE99}.Debug|iPhone.Deploy.0 = Debug|Any CPU
		{732C5F0E-E47A-4805-87D3-99D322BDEE99}.Debug|iPhoneSimulator.ActiveCfg = Debug|Any CPU
		{732C5F0E-E47A-4805-87D3-99D322BDEE99}.Debug|iPhoneSimulator.Build.0 = Debug|Any CPU
		{732C5F0E-E47A-4805-87D3-99D322BDEE99}.Debug|iPhoneSimulator.Deploy.0 = Debug|Any CPU
		{732C5F0E-E47A-4805-87D3-99D322BDEE99}.Release|Any CPU.ActiveCfg = Release|Any CPU
		{732C5F0E-E47A-4805-87D3-99D322BDEE99}.Release|Any CPU.Build.0 = Release|Any CPU
		{732C5F0E-E47A-4805-87D3-99D322BDEE99}.Release|Any CPU.Deploy.0 = Release|Any CPU
		{732C5F0E-E47A-4805-87D3-99D322BDEE99}.Release|iPhone.ActiveCfg = Release|Any CPU
		{732C5F0E-E47A-4805-87D3-99D322BDEE99}.Release|iPhone.Build.0 = Release|Any CPU
		{732C5F0E-E47A-4805-87D3-99D322BDEE99}.Release|iPhone.Deploy.0 = Release|Any CPU
		{732C5F0E-E47A-4805-87D3-99D322BDEE99}.Release|iPhoneSimulator.ActiveCfg = Release|Any CPU
		{732C5F0E-E47A-4805-87D3-99D322BDEE99}.Release|iPhoneSimulator.Build.0 = Release|Any CPU
		{732C5F0E-E47A-4805-87D3-99D322BDEE99}.Release|iPhoneSimulator.Deploy.0 = Release|Any CPU
		{1059413E-8ECC-4DAD-B377-10D168096E06}.Debug|Any CPU.ActiveCfg = Debug|iPhone
		{1059413E-8ECC-4DAD-B377-10D168096E06}.Debug|Any CPU.Build.0 = Debug|iPhone
		{1059413E-8ECC-4DAD-B377-10D168096E06}.Debug|Any CPU.Deploy.0 = Debug|iPhone
		{1059413E-8ECC-4DAD-B377-10D168096E06}.Debug|iPhone.ActiveCfg = Debug|iPhone
		{1059413E-8ECC-4DAD-B377-10D168096E06}.Debug|iPhone.Build.0 = Debug|iPhone
		{1059413E-8ECC-4DAD-B377-10D168096E06}.Debug|iPhone.Deploy.0 = Debug|iPhone
		{1059413E-8ECC-4DAD-B377-10D168096E06}.Debug|iPhoneSimulator.ActiveCfg = Debug|iPhoneSimulator
		{1059413E-8ECC-4DAD-B377-10D168096E06}.Debug|iPhoneSimulator.Build.0 = Debug|iPhoneSimulator
		{1059413E-8ECC-4DAD-B377-10D168096E06}.Debug|iPhoneSimulator.Deploy.0 = Debug|iPhoneSimulator
		{1059413E-8ECC-4DAD-B377-10D168096E06}.Release|Any CPU.ActiveCfg = Release|iPhone
		{1059413E-8ECC-4DAD-B377-10D168096E06}.Release|Any CPU.Build.0 = Release|iPhone
		{1059413E-8ECC-4DAD-B377-10D168096E06}.Release|Any CPU.Deploy.0 = Release|iPhone
		{1059413E-8ECC-4DAD-B377-10D168096E06}.Release|iPhone.ActiveCfg = Release|iPhone
		{1059413E-8ECC-4DAD-B377-10D168096E06}.Release|iPhone.Build.0 = Release|iPhone
		{1059413E-8ECC-4DAD-B377-10D168096E06}.Release|iPhone.Deploy.0 = Release|iPhone
		{1059413E-8ECC-4DAD-B377-10D168096E06}.Release|iPhoneSimulator.ActiveCfg = Release|iPhoneSimulator
		{1059413E-8ECC-4DAD-B377-10D168096E06}.Release|iPhoneSimulator.Build.0 = Release|iPhoneSimulator
		{1059413E-8ECC-4DAD-B377-10D168096E06}.Release|iPhoneSimulator.Deploy.0 = Release|iPhoneSimulator
		{6BAC0386-8BAC-42DE-9B74-F0D168B1BFD0}.Debug|Any CPU.ActiveCfg = Debug|Any CPU
		{6BAC0386-8BAC-42DE-9B74-F0D168B1BFD0}.Debug|Any CPU.Build.0 = Debug|Any CPU
		{6BAC0386-8BAC-42DE-9B74-F0D168B1BFD0}.Debug|Any CPU.Deploy.0 = Debug|Any CPU
		{6BAC0386-8BAC-42DE-9B74-F0D168B1BFD0}.Debug|iPhone.ActiveCfg = Debug|Any CPU
		{6BAC0386-8BAC-42DE-9B74-F0D168B1BFD0}.Debug|iPhone.Build.0 = Debug|Any CPU
		{6BAC0386-8BAC-42DE-9B74-F0D168B1BFD0}.Debug|iPhone.Deploy.0 = Debug|Any CPU
		{6BAC0386-8BAC-42DE-9B74-F0D168B1BFD0}.Debug|iPhoneSimulator.ActiveCfg = Debug|Any CPU
		{6BAC0386-8BAC-42DE-9B74-F0D168B1BFD0}.Debug|iPhoneSimulator.Build.0 = Debug|Any CPU
		{6BAC0386-8BAC-42DE-9B74-F0D168B1BFD0}.Debug|iPhoneSimulator.Deploy.0 = Debug|Any CPU
		{6BAC0386-8BAC-42DE-9B74-F0D168B1BFD0}.Release|Any CPU.ActiveCfg = Release|Any CPU
		{6BAC0386-8BAC-42DE-9B74-F0D168B1BFD0}.Release|Any CPU.Build.0 = Release|Any CPU
		{6BAC0386-8BAC-42DE-9B74-F0D168B1BFD0}.Release|Any CPU.Deploy.0 = Release|Any CPU
		{6BAC0386-8BAC-42DE-9B74-F0D168B1BFD0}.Release|iPhone.ActiveCfg = Release|Any CPU
		{6BAC0386-8BAC-42DE-9B74-F0D168B1BFD0}.Release|iPhone.Build.0 = Release|Any CPU
		{6BAC0386-8BAC-42DE-9B74-F0D168B1BFD0}.Release|iPhone.Deploy.0 = Release|Any CPU
		{6BAC0386-8BAC-42DE-9B74-F0D168B1BFD0}.Release|iPhoneSimulator.ActiveCfg = Release|Any CPU
		{6BAC0386-8BAC-42DE-9B74-F0D168B1BFD0}.Release|iPhoneSimulator.Build.0 = Release|Any CPU
		{6BAC0386-8BAC-42DE-9B74-F0D168B1BFD0}.Release|iPhoneSimulator.Deploy.0 = Release|Any CPU
	EndGlobalSection
	GlobalSection(SolutionProperties) = preSolution
		HideSolutionNode = FALSE
	EndGlobalSection
	GlobalSection(ExtensibilityGlobals) = postSolution
		SolutionGuid = {D75DA356-EB26-4B73-A49C-369CC8370650}
	EndGlobalSection
EndGlobal
